PODS:
  - Flutter (1.0.0)
  - handone_media_pipe (0.0.1):
    - Flutter
    - MediaPipeTasksVision (~> 0.10.0)
  - integration_test (0.0.1):
    - Flutter
  - MediaPipeTasksCommon (0.10.33)
  - MediaPipeTasksVision (0.10.33):
    - MediaPipeTasksCommon (= 0.10.33)

DEPENDENCIES:
  - Flutter (from `Flutter`)
  - handone_media_pipe (from `.symlinks/plugins/handone_media_pipe/ios`)
  - integration_test (from `.symlinks/plugins/integration_test/ios`)

SPEC REPOS:
  trunk:
    - MediaPipeTasksCommon
    - MediaPipeTasksVision

EXTERNAL SOURCES:
  Flutter:
    :path: Flutter
  handone_media_pipe:
    :path: ".symlinks/plugins/handone_media_pipe/ios"
  integration_test:
    :path: ".symlinks/plugins/integration_test/ios"

SPEC CHECKSUMS:
  Flutter: cabc95a1d2626b1b06e7179b784ebcf0c0cde467
  handone_media_pipe: b74d953ca94c70fd83aedd9ff42ea8cec16d4295
  integration_test: 252f60fa39af5e17c3aa9899d35d908a0721b573
  MediaPipeTasksCommon: 912f7942cc3aa057bb406af435aaea4c1959255a
  MediaPipeTasksVision: 2df54e614f029da790f442c8b330a37c841a422f

PODFILE CHECKSUM: 53a6aebc29ccee84c41f92f409fc20cd4ca011f1

COCOAPODS: 1.16.2
